
Microsoft Visual Studio Solution File, Format Version 12.00
# Visual Studio Version 17
VisualStudioVersion = 17.10.34928.147
MinimumVisualStudioVersion = 10.0.40219.1
Project("{9A19103F-16F7-4668-BE54-9A1E7A4F7556}") = "PublicHolidaysApp", "PublicHolidaysApp.csproj", "{6C4793C1-4127-4768-8ADC-A7DF430AF8EB}"
EndProject
Project("{9A19103F-16F7-4668-BE54-9A1E7A4F7556}") = "RequestsForData.Library", "..\RequestsForData\RequestsForData.Library.csproj", "{CC973F7E-1F82-4152-9D38-0FE930ACD392}"
EndProject
Project("{00D1A9C2-B5F0-4AF3-8072-F6C62B433612}") = "PublicHolidaysData", "..\PublicHolidaysData\PublicHolidaysData.sqlproj", "{265D15B7-C803-4E95-A851-ED0F6293B105}"
EndProject
Global
	GlobalSection(SolutionConfigurationPlatforms) = preSolution
		Debug|Any CPU = Debug|Any CPU
		Release|Any CPU = Release|Any CPU
	EndGlobalSection
	GlobalSection(ProjectConfigurationPlatforms) = postSolution
		{6C4793C1-4127-4768-8ADC-A7DF430AF8EB}.Debug|Any CPU.ActiveCfg = Debug|Any CPU
		{6C4793C1-4127-4768-8ADC-A7DF430AF8EB}.Debug|Any CPU.Build.0 = Debug|Any CPU
		{6C4793C1-4127-4768-8ADC-A7DF430AF8EB}.Release|Any CPU.ActiveCfg = Release|Any CPU
		{6C4793C1-4127-4768-8ADC-A7DF430AF8EB}.Release|Any CPU.Build.0 = Release|Any CPU
		{CC973F7E-1F82-4152-9D38-0FE930ACD392}.Debug|Any CPU.ActiveCfg = Debug|Any CPU
		{CC973F7E-1F82-4152-9D38-0FE930ACD392}.Debug|Any CPU.Build.0 = Debug|Any CPU
		{CC973F7E-1F82-4152-9D38-0FE930ACD392}.Release|Any CPU.ActiveCfg = Release|Any CPU
		{CC973F7E-1F82-4152-9D38-0FE930ACD392}.Release|Any CPU.Build.0 = Release|Any CPU
		{265D15B7-C803-4E95-A851-ED0F6293B105}.Debug|Any CPU.ActiveCfg = Debug|Any CPU
		{265D15B7-C803-4E95-A851-ED0F6293B105}.Debug|Any CPU.Build.0 = Debug|Any CPU
		{265D15B7-C803-4E95-A851-ED0F6293B105}.Debug|Any CPU.Deploy.0 = Debug|Any CPU
		{265D15B7-C803-4E95-A851-ED0F6293B105}.Release|Any CPU.ActiveCfg = Release|Any CPU
		{265D15B7-C803-4E95-A851-ED0F6293B105}.Release|Any CPU.Build.0 = Release|Any CPU
		{265D15B7-C803-4E95-A851-ED0F6293B105}.Release|Any CPU.Deploy.0 = Release|Any CPU
	EndGlobalSection
	GlobalSection(SolutionProperties) = preSolution
		HideSolutionNode = FALSE
	EndGlobalSection
	GlobalSection(ExtensibilityGlobals) = postSolution
		SolutionGuid = {4D3831F9-230B-4000-8D3F-50093375B074}
	EndGlobalSection
EndGlobal
